// !$*UTF8*$!
{
	archiveVersion = 1;
	classes = {
	};
	objectVersion = 46;
	objects = {

/* Begin PBXBuildFile section */
		5CC9319B1E6C0931001790A1 /* AppDelegate.swift in Sources */ = {isa = PBXBuildFile; fileRef = 5CC9319A1E6C0931001790A1 /* AppDelegate.swift */; };
		5CC9319D1E6C0931001790A1 /* SiginVC.swift in Sources */ = {isa = PBXBuildFile; fileRef = 5CC9319C1E6C0931001790A1 /* SiginVC.swift */; };
		5CC931A01E6C0931001790A1 /* Main.storyboard in Resources */ = {isa = PBXBuildFile; fileRef = 5CC9319E1E6C0931001790A1 /* Main.storyboard */; };
		5CC931A21E6C0931001790A1 /* Assets.xcassets in Resources */ = {isa = PBXBuildFile; fileRef = 5CC931A11E6C0931001790A1 /* Assets.xcassets */; };
		5CC931A51E6C0931001790A1 /* LaunchScreen.storyboard in Resources */ = {isa = PBXBuildFile; fileRef = 5CC931A31E6C0931001790A1 /* LaunchScreen.storyboard */; };
		5CC931AD1E6C09FC001790A1 /* GoogleService-Info.plist in Resources */ = {isa = PBXBuildFile; fileRef = 5CC931AC1E6C09FC001790A1 /* GoogleService-Info.plist */; };
		DB4959E23EBD12DA092AEDFB /* Pods_devslopes_social.framework in Frameworks */ = {isa = PBXBuildFile; fileRef = B2890A8B68D3FA2EA05E20C8 /* Pods_devslopes_social.framework */; };
/* End PBXBuildFile section */

/* Begin PBXFileReference section */
		5CC931971E6C0931001790A1 /* devslopes-social.app */ = {isa = PBXFileReference; explicitFileType = wrapper.application; includeInIndex = 0; path = "devslopes-social.app"; sourceTree = BUILT_PRODUCTS_DIR; };
		5CC9319A1E6C0931001790A1 /* AppDelegate.swift */ = {isa = PBXFileReference; lastKnownFileType = sourcecode.swift; path = AppDelegate.swift; sourceTree = "<group>"; };
		5CC9319C1E6C0931001790A1 /* SiginVC.swift */ = {isa = PBXFileReference; lastKnownFileType = sourcecode.swift; path = SiginVC.swift; sourceTree = "<group>"; };
		5CC9319F1E6C0931001790A1 /* Base */ = {isa = PBXFileReference; lastKnownFileType = file.storyboard; name = Base; path = Base.lproj/Main.storyboard; sourceTree = "<group>"; };
		5CC931A11E6C0931001790A1 /* Assets.xcassets */ = {isa = PBXFileReference; lastKnownFileType = folder.assetcatalog; path = Assets.xcassets; sourceTree = "<group>"; };
		5CC931A41E6C0931001790A1 /* Base */ = {isa = PBXFileReference; lastKnownFileType = file.storyboard; name = Base; path = Base.lproj/LaunchScreen.storyboard; sourceTree = "<group>"; };
		5CC931A61E6C0931001790A1 /* Info.plist */ = {isa = PBXFileReference; lastKnownFileType = text.plist.xml; path = Info.plist; sourceTree = "<group>"; };
		5CC931AC1E6C09FC001790A1 /* GoogleService-Info.plist */ = {isa = PBXFileReference; fileEncoding = 4; lastKnownFileType = text.plist.xml; path = "GoogleService-Info.plist"; sourceTree = "<group>"; };
		AD1542E8A0AC6335CCE4E3D4 /* Pods-devslopes-social.release.xcconfig */ = {isa = PBXFileReference; includeInIndex = 1; lastKnownFileType = text.xcconfig; name = "Pods-devslopes-social.release.xcconfig"; path = "Pods/Target Support Files/Pods-devslopes-social/Pods-devslopes-social.release.xcconfig"; sourceTree = "<group>"; };
		B2890A8B68D3FA2EA05E20C8 /* Pods_devslopes_social.framework */ = {isa = PBXFileReference; explicitFileType = wrapper.framework; includeInIndex = 0; path = Pods_devslopes_social.framework; sourceTree = BUILT_PRODUCTS_DIR; };
		E8A234445AAD751B9486EA7B /* Pods-devslopes-social.debug.xcconfig */ = {isa = PBXFileReference; includeInIndex = 1; lastKnownFileType = text.xcconfig; name = "Pods-devslopes-social.debug.xcconfig"; path = "Pods/Target Support Files/Pods-devslopes-social/Pods-devslopes-social.debug.xcconfig"; sourceTree = "<group>"; };
/* End PBXFileReference section */

/* Begin PBXFrameworksBuildPhase section */
		5CC931941E6C0930001790A1 /* Frameworks */ = {
			isa = PBXFrameworksBuildPhase;
			buildActionMask = 2147483647;
			files = (
				DB4959E23EBD12DA092AEDFB /* Pods_devslopes_social.framework in Frameworks */,
			);
			runOnlyForDeploymentPostprocessing = 0;
		};
/* End PBXFrameworksBuildPhase section */

/* Begin PBXGroup section */
		5C6AD4221E6C0C4300E197B5 /* Model */ = {
			isa = PBXGroup;
			children = (
			);
			name = Model;
			sourceTree = "<group>";
		};
		5C6AD4231E6C0C4D00E197B5 /* View */ = {
			isa = PBXGroup;
			children = (
			);
			name = View;
			sourceTree = "<group>";
		};
		5C6AD4241E6C0C5200E197B5 /* Controller */ = {
			isa = PBXGroup;
			children = (
				5CC9319C1E6C0931001790A1 /* SiginVC.swift */,
			);
			name = Controller;
			sourceTree = "<group>";
		};
		5CC9318E1E6C0930001790A1 = {
			isa = PBXGroup;
			children = (
				5CC931991E6C0931001790A1 /* devslopes-social */,
				5CC931981E6C0931001790A1 /* Products */,
				C39BEEFEFE16E02F0349AA57 /* Pods */,
				CD19573B4BA7238C8228B206 /* Frameworks */,
			);
			sourceTree = "<group>";
		};
		5CC931981E6C0931001790A1 /* Products */ = {
			isa = PBXGroup;
			children = (
				5CC931971E6C0931001790A1 /* devslopes-social.app */,
			);
			name = Products;
			sourceTree = "<group>";
		};
		5CC931991E6C0931001790A1 /* devslopes-social */ = {
			isa = PBXGroup;
			children = (
				5C6AD4241E6C0C5200E197B5 /* Controller */,
				5C6AD4231E6C0C4D00E197B5 /* View */,
				5C6AD4221E6C0C4300E197B5 /* Model */,
				5CC9319A1E6C0931001790A1 /* AppDelegate.swift */,
				5CC9319E1E6C0931001790A1 /* Main.storyboard */,
				5CC931A11E6C0931001790A1 /* Assets.xcassets */,
				5CC931A31E6C0931001790A1 /* LaunchScreen.storyboard */,
				5CC931A61E6C0931001790A1 /* Info.plist */,
				5CC931AC1E6C09FC001790A1 /* GoogleService-Info.plist */,
			);
			path = "devslopes-social";
			sourceTree = "<group>";
		};
		C39BEEFEFE16E02F0349AA57 /* Pods */ = {
			isa = PBXGroup;
			children = (
				E8A234445AAD751B9486EA7B /* Pods-devslopes-social.debug.xcconfig */,
				AD1542E8A0AC6335CCE4E3D4 /* Pods-devslopes-social.release.xcconfig */,
			);
			name = Pods;
			sourceTree = "<group>";
		};
		CD19573B4BA7238C8228B206 /* Frameworks */ = {
			isa = PBXGroup;
			children = (
				B2890A8B68D3FA2EA05E20C8 /* Pods_devslopes_social.framework */,
			);
			name = Frameworks;
			sourceTree = "<group>";
		};
/* End PBXGroup section */

/* Begin PBXNativeTarget section */
		5CC931961E6C0930001790A1 /* devslopes-social */ = {
			isa = PBXNativeTarget;
			buildConfigurationList = 5CC931A91E6C0931001790A1 /* Build configuration list for PBXNativeTarget "devslopes-social" */;
			buildPhases = (
				5538DDEB7A74AA7588A6C7FC /* [CP] Check Pods Manifest.lock */,
				5CC931931E6C0930001790A1 /* Sources */,
				5CC931941E6C0930001790A1 /* Frameworks */,
				5CC931951E6C0930001790A1 /* Resources */,
				D8F65CED624D7031B85705F8 /* [CP] Embed Pods Frameworks */,
				7F3386ABF06F8C9E4B80A349 /* [CP] Copy Pods Resources */,
			);
			buildRules = (
			);
			dependencies = (
			);
			name = "devslopes-social";
			productName = "devslopes-social";
			productReference = 5CC931971E6C0931001790A1 /* devslopes-social.app */;
			productType = "com.apple.product-type.application";
		};
/* End PBXNativeTarget section */

/* Begin PBXProject section */
		5CC9318F1E6C0930001790A1 /* Project object */ = {
			isa = PBXProject;
			attributes = {
				LastSwiftUpdateCheck = 0820;
				LastUpgradeCheck = 0820;
				ORGANIZATIONNAME = "Kenneth Esguerra";
				TargetAttributes = {
					5CC931961E6C0930001790A1 = {
						CreatedOnToolsVersion = 8.2.1;
						DevelopmentTeam = XYNUDY2FG5;
						ProvisioningStyle = Automatic;
					};
				};
			};
			buildConfigurationList = 5CC931921E6C0930001790A1 /* Build configuration list for PBXProject "devslopes-social" */;
			compatibilityVersion = "Xcode 3.2";
			developmentRegion = English;
			hasScannedForEncodings = 0;
			knownRegions = (
				en,
				Base,
			);
			mainGroup = 5CC9318E1E6C0930001790A1;
			productRefGroup = 5CC931981E6C0931001790A1 /* Products */;
			projectDirPath = "";
			projectRoot = "";
			targets = (
				5CC931961E6C0930001790A1 /* devslopes-social */,
			);
		};
/* End PBXProject section */

/* Begin PBXResourcesBuildPhase section */
		5CC931951E6C0930001790A1 /* Resources */ = {
			isa = PBXResourcesBuildPhase;
			buildActionMask = 2147483647;
			files = (
				5CC931A51E6C0931001790A1 /* LaunchScreen.storyboard in Resources */,
				5CC931AD1E6C09FC001790A1 /* GoogleService-Info.plist in Resources */,
				5CC931A21E6C0931001790A1 /* Assets.xcassets in Resources */,
				5CC931A01E6C0931001790A1 /* Main.storyboard in Resources */,
			);
			runOnlyForDeploymentPostprocessing = 0;
		};
/* End PBXResourcesBuildPhase section */

/* Begin PBXShellScriptBuildPhase section */
		5538DDEB7A74AA7588A6C7FC /* [CP] Check Pods Manifest.lock */ = {
			isa = PBXShellScriptBuildPhase;
			buildActionMask = 2147483647;
			files = (
			);
			inputPaths = (
			);
			name = "[CP] Check Pods Manifest.lock";
			outputPaths = (
			);
			runOnlyForDeploymentPostprocessing = 0;
			shellPath = /bin/sh;
			shellScript = "diff \"${PODS_ROOT}/../Podfile.lock\" \"${PODS_ROOT}/Manifest.lock\" > /dev/null\nif [[ $? != 0 ]] ; then\n    cat << EOM\nerror: The sandbox is not in sync with the Podfile.lock. Run 'pod install' or update your CocoaPods installation.\nEOM\n    exit 1\nfi\n";
			showEnvVarsInLog = 0;
		};
		7F3386ABF06F8C9E4B80A349 /* [CP] Copy Pods Resources */ = {
			isa = PBXShellScriptBuildPhase;
			buildActionMask = 2147483647;
			files = (
			);
			inputPaths = (
			);
			name = "[CP] Copy Pods Resources";
			outputPaths = (
			);
			runOnlyForDeploymentPostprocessing = 0;
			shellPath = /bin/sh;
			shellScript = "\"${SRCROOT}/Pods/Target Support Files/Pods-devslopes-social/Pods-devslopes-social-resources.sh\"\n";
			showEnvVarsInLog = 0;
		};
		D8F65CED624D7031B85705F8 /* [CP] Embed Pods Frameworks */ = {
			isa = PBXShellScriptBuildPhase;
			buildActionMask = 2147483647;
			files = (
			);
			inputPaths = (
			);
			name = "[CP] Embed Pods Frameworks";
			outputPaths = (
			);
			runOnlyForDeploymentPostprocessing = 0;
			shellPath = /bin/sh;
			shellScript = "\"${SRCROOT}/Pods/Target Support Files/Pods-devslopes-social/Pods-devslopes-social-frameworks.sh\"\n";
			showEnvVarsInLog = 0;
		};
/* End PBXShellScriptBuildPhase section */

/* Begin PBXSourcesBuildPhase section */
		5CC931931E6C0930001790A1 /* Sources */ = {
			isa = PBXSourcesBuildPhase;
			buildActionMask = 2147483647;
			files = (
				5CC9319D1E6C0931001790A1 /* SiginVC.swift in Sources */,
				5CC9319B1E6C0931001790A1 /* AppDelegate.swift in Sources */,
			);
			runOnlyForDeploymentPostprocessing = 0;
		};
/* End PBXSourcesBuildPhase section */

/* Begin PBXVariantGroup section */
		5CC9319E1E6C0931001790A1 /* Main.storyboard */ = {
			isa = PBXVariantGroup;
			children = (
				5CC9319F1E6C0931001790A1 /* Base */,
			);
			name = Main.storyboard;
			sourceTree = "<group>";
		};
		5CC931A31E6C0931001790A1 /* LaunchScreen.storyboard */ = {
			isa = PBXVariantGroup;
			children = (
				5CC931A41E6C0931001790A1 /* Base */,
			);
			name = LaunchScreen.storyboard;
			sourceTree = "<group>";
		};
/* End PBXVariantGroup section */

/* Begin XCBuildConfiguration section */
		5CC931A71E6C0931001790A1 /* Debug */ = {
			isa = XCBuildConfiguration;
			buildSettings = {
				ALWAYS_SEARCH_USER_PATHS = NO;
				CLANG_ANALYZER_NONNULL = YES;
				CLANG_CXX_LANGUAGE_STANDARD = "gnu++0x";
				CLANG_CXX_LIBRARY = "libc++";
				CLANG_ENABLE_MODULES = YES;
				CLANG_ENABLE_OBJC_ARC = YES;
				CLANG_WARN_BOOL_CONVERSION = YES;
				CLANG_WARN_CONSTANT_CONVERSION = YES;
				CLANG_WARN_DIRECT_OBJC_ISA_USAGE = YES_ERROR;
				CLANG_WARN_DOCUMENTATION_COMMENTS = YES;
				CLANG_WARN_EMPTY_BODY = YES;
				CLANG_WARN_ENUM_CONVERSION = YES;
				CLANG_WARN_INFINITE_RECURSION = YES;
				CLANG_WARN_INT_CONVERSION = YES;
				CLANG_WARN_OBJC_ROOT_CLASS = YES_ERROR;
				CLANG_WARN_SUSPICIOUS_MOVE = YES;
				CLANG_WARN_UNREACHABLE_CODE = YES;
				CLANG_WARN__DUPLICATE_METHOD_MATCH = YES;
				"CODE_SIGN_IDENTITY[sdk=iphoneos*]" = "iPhone Developer";
				COPY_PHASE_STRIP = NO;
				DEBUG_INFORMATION_FORMAT = dwarf;
				ENABLE_STRICT_OBJC_MSGSEND = YES;
				ENABLE_TESTABILITY = YES;
				GCC_C_LANGUAGE_STANDARD = gnu99;
				GCC_DYNAMIC_NO_PIC = NO;
				GCC_NO_COMMON_BLOCKS = YES;
				GCC_OPTIMIZATION_LEVEL = 0;
				GCC_PREPROCESSOR_DEFINITIONS = (
					"DEBUG=1",
					"$(inherited)",
				);
				GCC_WARN_64_TO_32_BIT_CONVERSION = YES;
				GCC_WARN_ABOUT_RETURN_TYPE = YES_ERROR;
				GCC_WARN_UNDECLARED_SELECTOR = YES;
				GCC_WARN_UNINITIALIZED_AUTOS = YES_AGGRESSIVE;
				GCC_WARN_UNUSED_FUNCTION = YES;
				GCC_WARN_UNUSED_VARIABLE = YES;
				IPHONEOS_DEPLOYMENT_TARGET = 10.2;
				MTL_ENABLE_DEBUG_INFO = YES;
				ONLY_ACTIVE_ARCH = YES;
				SDKROOT = iphoneos;
				SWIFT_ACTIVE_COMPILATION_CONDITIONS = DEBUG;
				SWIFT_OPTIMIZATION_LEVEL = "-Onone";
			};
			name = Debug;
		};
		5CC931A81E6C0931001790A1 /* Release */ = {
			isa = XCBuildConfiguration;
			buildSettings = {
				ALWAYS_SEARCH_USER_PATHS = NO;
				CLANG_ANALYZER_NONNULL = YES;
				CLANG_CXX_LANGUAGE_STANDARD = "gnu++0x";
				CLANG_CXX_LIBRARY = "libc++";
				CLANG_ENABLE_MODULES = YES;
				CLANG_ENABLE_OBJC_ARC = YES;
				CLANG_WARN_BOOL_CONVERSION = YES;
				CLANG_WARN_CONSTANT_CONVERSION = YES;
				CLANG_WARN_DIRECT_OBJC_ISA_USAGE = YES_ERROR;
				CLANG_WARN_DOCUMENTATION_COMMENTS = YES;
				CLANG_WARN_EMPTY_BODY = YES;
				CLANG_WARN_ENUM_CONVERSION = YES;
				CLANG_WARN_INFINITE_RECURSION = YES;
				CLANG_WARN_INT_CONVERSION = YES;
				CLANG_WARN_OBJC_ROOT_CLASS = YES_ERROR;
				CLANG_WARN_SUSPICIOUS_MOVE = YES;
				CLANG_WARN_UNREACHABLE_CODE = YES;
				CLANG_WARN__DUPLICATE_METHOD_MATCH = YES;
				"CODE_SIGN_IDENTITY[sdk=iphoneos*]" = "iPhone Developer";
				COPY_PHASE_STRIP = NO;
				DEBUG_INFORMATION_FORMAT = "dwarf-with-dsym";
				ENABLE_NS_ASSERTIONS = NO;
				ENABLE_STRICT_OBJC_MSGSEND = YES;
				GCC_C_LANGUAGE_STANDARD = gnu99;
				GCC_NO_COMMON_BLOCKS = YES;
				GCC_WARN_64_TO_32_BIT_CONVERSION = YES;
				GCC_WARN_ABOUT_RETURN_TYPE = YES_ERROR;
				GCC_WARN_UNDECLARED_SELECTOR = YES;
				GCC_WARN_UNINITIALIZED_AUTOS = YES_AGGRESSIVE;
				GCC_WARN_UNUSED_FUNCTION = YES;
				GCC_WARN_UNUSED_VARIABLE = YES;
				IPHONEOS_DEPLOYMENT_TARGET = 10.2;
				MTL_ENABLE_DEBUG_INFO = NO;
				SDKROOT = iphoneos;
				SWIFT_OPTIMIZATION_LEVEL = "-Owholemodule";
				VALIDATE_PRODUCT = YES;
			};
			name = Release;
		};
		5CC931AA1E6C0931001790A1 /* Debug */ = {
			isa = XCBuildConfiguration;
			baseConfigurationReference = E8A234445AAD751B9486EA7B /* Pods-devslopes-social.debug.xcconfig */;
			buildSettings = {
				ASSETCATALOG_COMPILER_APPICON_NAME = AppIcon;
				DEVELOPMENT_TEAM = XYNUDY2FG5;
				INFOPLIST_FILE = "devslopes-social/Info.plist";
				LD_RUNPATH_SEARCH_PATHS = "$(inherited) @executable_path/Frameworks";
				PRODUCT_BUNDLE_IDENTIFIER = "teamlobu.kenjobs.devslopes-social";
				PRODUCT_NAME = "$(TARGET_NAME)";
				SWIFT_VERSION = 3.0;
			};
			name = Debug;
		};
		5CC931AB1E6C0931001790A1 /* Release */ = {
			isa = XCBuildConfiguration;
			baseConfigurationReference = AD1542E8A0AC6335CCE4E3D4 /* Pods-devslopes-social.release.xcconfig */;
			buildSettings = {
				ASSETCATALOG_COMPILER_APPICON_NAME = AppIcon;
				DEVELOPMENT_TEAM = XYNUDY2FG5;
				INFOPLIST_FILE = "devslopes-social/Info.plist";
				LD_RUNPATH_SEARCH_PATHS = "$(inherited) @executable_path/Frameworks";
				PRODUCT_BUNDLE_IDENTIFIER = "teamlobu.kenjobs.devslopes-social";
				PRODUCT_NAME = "$(TARGET_NAME)";
				SWIFT_VERSION = 3.0;
			};
			name = Release;
		};
/* End XCBuildConfiguration section */

/* Begin XCConfigurationList section */
		5CC931921E6C0930001790A1 /* Build configuration list for PBXProject "devslopes-social" */ = {
			isa = XCConfigurationList;
			buildConfigurations = (
				5CC931A71E6C0931001790A1 /* Debug */,
				5CC931A81E6C0931001790A1 /* Release */,
			);
			defaultConfigurationIsVisible = 0;
			defaultConfigurationName = Release;
		};
		5CC931A91E6C0931001790A1 /* Build configuration list for PBXNativeTarget "devslopes-social" */ = {
			isa = XCConfigurationList;
			buildConfigurations = (
				5CC931AA1E6C0931001790A1 /* Debug */,
				5CC931AB1E6C0931001790A1 /* Release */,
			);
			defaultConfigurationIsVisible = 0;
			defaultConfigurationName = Release;
		};
/* End XCConfigurationList section */
	};
	rootObject = 5CC9318F1E6C0930001790A1 /* Project object */;
}
